// !$*UTF8*$!
{
	archiveVersion = 1;
	classes = {
	};
	objectVersion = 50;
	objects = {

/* Begin PBXBuildFile section */
		E423E08424EB33B700729D39 /* AppDelegate.swift in Sources */ = {isa = PBXBuildFile; fileRef = E423E08324EB33B700729D39 /* AppDelegate.swift */; };
		E423E08624EB33B700729D39 /* SceneDelegate.swift in Sources */ = {isa = PBXBuildFile; fileRef = E423E08524EB33B700729D39 /* SceneDelegate.swift */; };
		E423E08824EB33B700729D39 /* ContentView.swift in Sources */ = {isa = PBXBuildFile; fileRef = E423E08724EB33B700729D39 /* ContentView.swift */; };
		E423E08A24EB33B900729D39 /* Assets.xcassets in Resources */ = {isa = PBXBuildFile; fileRef = E423E08924EB33B800729D39 /* Assets.xcassets */; };
		E423E08D24EB33B900729D39 /* Preview Assets.xcassets in Resources */ = {isa = PBXBuildFile; fileRef = E423E08C24EB33B900729D39 /* Preview Assets.xcassets */; };
		E423E09024EB33B900729D39 /* LaunchScreen.storyboard in Resources */ = {isa = PBXBuildFile; fileRef = E423E08E24EB33B900729D39 /* LaunchScreen.storyboard */; };
		E423E09824EB370700729D39 /* CircleImage.swift in Sources */ = {isa = PBXBuildFile; fileRef = E423E09724EB370700729D39 /* CircleImage.swift */; };
		E423E09A24EB37B900729D39 /* MapView.swift in Sources */ = {isa = PBXBuildFile; fileRef = E423E09924EB37B900729D39 /* MapView.swift */; };
/* End PBXBuildFile section */

/* Begin PBXFileReference section */
		E423E08024EB33B700729D39 /* Creating and Combining Views.app */ = {isa = PBXFileReference; explicitFileType = wrapper.application; includeInIndex = 0; path = "Creating and Combining Views.app"; sourceTree = BUILT_PRODUCTS_DIR; };
		E423E08324EB33B700729D39 /* AppDelegate.swift */ = {isa = PBXFileReference; lastKnownFileType = sourcecode.swift; path = AppDelegate.swift; sourceTree = "<group>"; };
		E423E08524EB33B700729D39 /* SceneDelegate.swift */ = {isa = PBXFileReference; lastKnownFileType = sourcecode.swift; path = SceneDelegate.swift; sourceTree = "<group>"; };
		E423E08724EB33B700729D39 /* ContentView.swift */ = {isa = PBXFileReference; lastKnownFileType = sourcecode.swift; path = ContentView.swift; sourceTree = "<group>"; };
		E423E08924EB33B800729D39 /* Assets.xcassets */ = {isa = PBXFileReference; lastKnownFileType = folder.assetcatalog; path = Assets.xcassets; sourceTree = "<group>"; };
		E423E08C24EB33B900729D39 /* Preview Assets.xcassets */ = {isa = PBXFileReference; lastKnownFileType = folder.assetcatalog; path = "Preview Assets.xcassets"; sourceTree = "<group>"; };
		E423E08F24EB33B900729D39 /* Base */ = {isa = PBXFileReference; lastKnownFileType = file.storyboard; name = Base; path = Base.lproj/LaunchScreen.storyboard; sourceTree = "<group>"; };
		E423E09124EB33B900729D39 /* Info.plist */ = {isa = PBXFileReference; lastKnownFileType = text.plist.xml; path = Info.plist; sourceTree = "<group>"; };
		E423E09724EB370700729D39 /* CircleImage.swift */ = {isa = PBXFileReference; lastKnownFileType = sourcecode.swift; path = CircleImage.swift; sourceTree = "<group>"; };
		E423E09924EB37B900729D39 /* MapView.swift */ = {isa = PBXFileReference; lastKnownFileType = sourcecode.swift; path = MapView.swift; sourceTree = "<group>"; };
/* End PBXFileReference section */

/* Begin PBXFrameworksBuildPhase section */
		E423E07D24EB33B700729D39 /* Frameworks */ = {
			isa = PBXFrameworksBuildPhase;
			buildActionMask = 2147483647;
			files = (
			);
			runOnlyForDeploymentPostprocessing = 0;
		};
/* End PBXFrameworksBuildPhase section */

/* Begin PBXGroup section */
		E423E07724EB33B700729D39 = {
			isa = PBXGroup;
			children = (
				E423E08224EB33B700729D39 /* Creating and Combining Views */,
				E423E08124EB33B700729D39 /* Products */,
			);
			sourceTree = "<group>";
		};
		E423E08124EB33B700729D39 /* Products */ = {
			isa = PBXGroup;
			children = (
				E423E08024EB33B700729D39 /* Creating and Combining Views.app */,
			);
			name = Products;
			sourceTree = "<group>";
		};
		E423E08224EB33B700729D39 /* Creating and Combining Views */ = {
			isa = PBXGroup;
			children = (
				E423E08324EB33B700729D39 /* AppDelegate.swift */,
				E423E08524EB33B700729D39 /* SceneDelegate.swift */,
				E423E08724EB33B700729D39 /* ContentView.swift */,
				E423E09724EB370700729D39 /* CircleImage.swift */,
				E423E09924EB37B900729D39 /* MapView.swift */,
				E423E08924EB33B800729D39 /* Assets.xcassets */,
				E423E08E24EB33B900729D39 /* LaunchScreen.storyboard */,
				E423E09124EB33B900729D39 /* Info.plist */,
				E423E08B24EB33B900729D39 /* Preview Content */,
			);
			path = "Creating and Combining Views";
			sourceTree = "<group>";
		};
		E423E08B24EB33B900729D39 /* Preview Content */ = {
			isa = PBXGroup;
			children = (
				E423E08C24EB33B900729D39 /* Preview Assets.xcassets */,
			);
			path = "Preview Content";
			sourceTree = "<group>";
		};
/* End PBXGroup section */

/* Begin PBXNativeTarget section */
		E423E07F24EB33B700729D39 /* Creating and Combining Views */ = {
			isa = PBXNativeTarget;
			buildConfigurationList = E423E09424EB33B900729D39 /* Build configuration list for PBXNativeTarget "Creating and Combining Views" */;
			buildPhases = (
				E423E07C24EB33B700729D39 /* Sources */,
				E423E07D24EB33B700729D39 /* Frameworks */,
				E423E07E24EB33B700729D39 /* Resources */,
			);
			buildRules = (
			);
			dependencies = (
			);
			name = "Creating and Combining Views";
			productName = "Creating and Combining Views";
			productReference = E423E08024EB33B700729D39 /* Creating and Combining Views.app */;
			productType = "com.apple.product-type.application";
		};
/* End PBXNativeTarget section */

/* Begin PBXProject section */
		E423E07824EB33B700729D39 /* Project object */ = {
			isa = PBXProject;
			attributes = {
				LastSwiftUpdateCheck = 1160;
				LastUpgradeCheck = 1160;
				ORGANIZATIONNAME = "Andrei Blaj";
				TargetAttributes = {
					E423E07F24EB33B700729D39 = {
						CreatedOnToolsVersion = 11.6;
					};
				};
			};
			buildConfigurationList = E423E07B24EB33B700729D39 /* Build configuration list for PBXProject "Creating and Combining Views" */;
			compatibilityVersion = "Xcode 9.3";
			developmentRegion = en;
			hasScannedForEncodings = 0;
			knownRegions = (
				en,
				Base,
			);
			mainGroup = E423E07724EB33B700729D39;
			productRefGroup = E423E08124EB33B700729D39 /* Products */;
			projectDirPath = "";
			projectRoot = "";
			targets = (
				E423E07F24EB33B700729D39 /* Creating and Combining Views */,
			);
		};
/* End PBXProject section */

/* Begin PBXResourcesBuildPhase section */
		E423E07E24EB33B700729D39 /* Resources */ = {
			isa = PBXResourcesBuildPhase;
			buildActionMask = 2147483647;
			files = (
				E423E09024EB33B900729D39 /* LaunchScreen.storyboard in Resources */,
				E423E08D24EB33B900729D39 /* Preview Assets.xcassets in Resources */,
				E423E08A24EB33B900729D39 /* Assets.xcassets in Resources */,
			);
			runOnlyForDeploymentPostprocessing = 0;
		};
/* End PBXResourcesBuildPhase section */

/* Begin PBXSourcesBuildPhase section */
		E423E07C24EB33B700729D39 /* Sources */ = {
			isa = PBXSourcesBuildPhase;
			buildActionMask = 2147483647;
			files = (
				E423E08424EB33B700729D39 /* AppDelegate.swift in Sources */,
				E423E09824EB370700729D39 /* CircleImage.swift in Sources */,
				E423E09A24EB37B900729D39 /* MapView.swift in Sources */,
				E423E08624EB33B700729D39 /* SceneDelegate.swift in Sources */,
				E423E08824EB33B700729D39 /* ContentView.swift in Sources */,
			);
			runOnlyForDeploymentPostprocessing = 0;
		};
/* End PBXSourcesBuildPhase section */

/* Begin PBXVariantGroup section */
		E423E08E24EB33B900729D39 /* LaunchScreen.storyboard */ = {
			isa = PBXVariantGroup;
			children = (
				E423E08F24EB33B900729D39 /* Base */,
			);
			name = LaunchScreen.storyboard;
			sourceTree = "<group>";
		};
/* End PBXVariantGroup section */

/* Begin XCBuildConfiguration section */
		E423E09224EB33B900729D39 /* Debug */ = {
			isa = XCBuildConfiguration;
			buildSettings = {
				ALWAYS_SEARCH_USER_PATHS = NO;
				CLANG_ANALYZER_NONNULL = YES;
				CLANG_ANALYZER_NUMBER_OBJECT_CONVERSION = YES_AGGRESSIVE;
				CLANG_CXX_LANGUAGE_STANDARD = "gnu++14";
				CLANG_CXX_LIBRARY = "libc++";
				CLANG_ENABLE_MODULES = YES;
				CLANG_ENABLE_OBJC_ARC = YES;
				CLANG_ENABLE_OBJC_WEAK = YES;
				CLANG_WARN_BLOCK_CAPTURE_AUTORELEASING = YES;
				CLANG_WARN_BOOL_CONVERSION = YES;
				CLANG_WARN_COMMA = YES;
				CLANG_WARN_CONSTANT_CONVERSION = YES;
				CLANG_WARN_DEPRECATED_OBJC_IMPLEMENTATIONS = YES;
				CLANG_WARN_DIRECT_OBJC_ISA_USAGE = YES_ERROR;
				CLANG_WARN_DOCUMENTATION_COMMENTS = YES;
				CLANG_WARN_EMPTY_BODY = YES;
				CLANG_WARN_ENUM_CONVERSION = YES;
				CLANG_WARN_INFINITE_RECURSION = YES;
				CLANG_WARN_INT_CONVERSION = YES;
				CLANG_WARN_NON_LITERAL_NULL_CONVERSION = YES;
				CLANG_WARN_OBJC_IMPLICIT_RETAIN_SELF = YES;
				CLANG_WARN_OBJC_LITERAL_CONVERSION = YES;
				CLANG_WARN_OBJC_ROOT_CLASS = YES_ERROR;
				CLANG_WARN_RANGE_LOOP_ANALYSIS = YES;
				CLANG_WARN_STRICT_PROTOTYPES = YES;
				CLANG_WARN_SUSPICIOUS_MOVE = YES;
				CLANG_WARN_UNGUARDED_AVAILABILITY = YES_AGGRESSIVE;
				CLANG_WARN_UNREACHABLE_CODE = YES;
				CLANG_WARN__DUPLICATE_METHOD_MATCH = YES;
				COPY_PHASE_STRIP = NO;
				DEBUG_INFORMATION_FORMAT = dwarf;
				ENABLE_STRICT_OBJC_MSGSEND = YES;
				ENABLE_TESTABILITY = YES;
				GCC_C_LANGUAGE_STANDARD = gnu11;
				GCC_DYNAMIC_NO_PIC = NO;
				GCC_NO_COMMON_BLOCKS = YES;
				GCC_OPTIMIZATION_LEVEL = 0;
				GCC_PREPROCESSOR_DEFINITIONS = (
					"DEBUG=1",
					"$(inherited)",
				);
				GCC_WARN_64_TO_32_BIT_CONVERSION = YES;
				GCC_WARN_ABOUT_RETURN_TYPE = YES_ERROR;
				GCC_WARN_UNDECLARED_SELECTOR = YES;
				GCC_WARN_UNINITIALIZED_AUTOS = YES_AGGRESSIVE;
				GCC_WARN_UNUSED_FUNCTION = YES;
				GCC_WARN_UNUSED_VARIABLE = YES;
				IPHONEOS_DEPLOYMENT_TARGET = 13.6;
				MTL_ENABLE_DEBUG_INFO = INCLUDE_SOURCE;
				MTL_FAST_MATH = YES;
				ONLY_ACTIVE_ARCH = YES;
				SDKROOT = iphoneos;
				SWIFT_ACTIVE_COMPILATION_CONDITIONS = DEBUG;
				SWIFT_OPTIMIZATION_LEVEL = "-Onone";
			};
			name = Debug;
		};
		E423E09324EB33B900729D39 /* Release */ = {
			isa = XCBuildConfiguration;
			buildSettings = {
				ALWAYS_SEARCH_USER_PATHS = NO;
				CLANG_ANALYZER_NONNULL = YES;
				CLANG_ANALYZER_NUMBER_OBJECT_CONVERSION = YES_AGGRESSIVE;
				CLANG_CXX_LANGUAGE_STANDARD = "gnu++14";
				CLANG_CXX_LIBRARY = "libc++";
				CLANG_ENABLE_MODULES = YES;
				CLANG_ENABLE_OBJC_ARC = YES;
				CLANG_ENABLE_OBJC_WEAK = YES;
				CLANG_WARN_BLOCK_CAPTURE_AUTORELEASING = YES;
				CLANG_WARN_BOOL_CONVERSION = YES;
				CLANG_WARN_COMMA = YES;
				CLANG_WARN_CONSTANT_CONVERSION = YES;
				CLANG_WARN_DEPRECATED_OBJC_IMPLEMENTATIONS = YES;
				CLANG_WARN_DIRECT_OBJC_ISA_USAGE = YES_ERROR;
				CLANG_WARN_DOCUMENTATION_COMMENTS = YES;
				CLANG_WARN_EMPTY_BODY = YES;
				CLANG_WARN_ENUM_CONVERSION = YES;
				CLANG_WARN_INFINITE_RECURSION = YES;
				CLANG_WARN_INT_CONVERSION = YES;
				CLANG_WARN_NON_LITERAL_NULL_CONVERSION = YES;
				CLANG_WARN_OBJC_IMPLICIT_RETAIN_SELF = YES;
				CLANG_WARN_OBJC_LITERAL_CONVERSION = YES;
				CLANG_WARN_OBJC_ROOT_CLASS = YES_ERROR;
				CLANG_WARN_RANGE_LOOP_ANALYSIS = YES;
				CLANG_WARN_STRICT_PROTOTYPES = YES;
				CLANG_WARN_SUSPICIOUS_MOVE = YES;
				CLANG_WARN_UNGUARDED_AVAILABILITY = YES_AGGRESSIVE;
				CLANG_WARN_UNREACHABLE_CODE = YES;
				CLANG_WARN__DUPLICATE_METHOD_MATCH = YES;
				COPY_PHASE_STRIP = NO;
				DEBUG_INFORMATION_FORMAT = "dwarf-with-dsym";
				ENABLE_NS_ASSERTIONS = NO;
				ENABLE_STRICT_OBJC_MSGSEND = YES;
				GCC_C_LANGUAGE_STANDARD = gnu11;
				GCC_NO_COMMON_BLOCKS = YES;
				GCC_WARN_64_TO_32_BIT_CONVERSION = YES;
				GCC_WARN_ABOUT_RETURN_TYPE = YES_ERROR;
				GCC_WARN_UNDECLARED_SELECTOR = YES;
				GCC_WARN_UNINITIALIZED_AUTOS = YES_AGGRESSIVE;
				GCC_WARN_UNUSED_FUNCTION = YES;
				GCC_WARN_UNUSED_VARIABLE = YES;
				IPHONEOS_DEPLOYMENT_TARGET = 13.6;
				MTL_ENABLE_DEBUG_INFO = NO;
				MTL_FAST_MATH = YES;
				SDKROOT = iphoneos;
				SWIFT_COMPILATION_MODE = wholemodule;
				SWIFT_OPTIMIZATION_LEVEL = "-O";
				VALIDATE_PRODUCT = YES;
			};
			name = Release;
		};
		E423E09524EB33B900729D39 /* Debug */ = {
			isa = XCBuildConfiguration;
			buildSettings = {
				ASSETCATALOG_COMPILER_APPICON_NAME = AppIcon;
				CODE_SIGN_STYLE = Automatic;
				DEVELOPMENT_ASSET_PATHS = "\"Creating and Combining Views/Preview Content\"";
				DEVELOPMENT_TEAM = DGQDJX86DJ;
				ENABLE_PREVIEWS = YES;
				INFOPLIST_FILE = "Creating and Combining Views/Info.plist";
				LD_RUNPATH_SEARCH_PATHS = (
					"$(inherited)",
					"@executable_path/Frameworks",
				);
				PRODUCT_BUNDLE_IDENTIFIER = "com.andreiblaj.Creating-and-Combining-Views";
				PRODUCT_NAME = "$(TARGET_NAME)";
				SWIFT_VERSION = 5.0;
				TARGETED_DEVICE_FAMILY = "1,2";
			};
			name = Debug;
		};
		E423E09624EB33B900729D39 /* Release */ = {
			isa = XCBuildConfiguration;
			buildSettings = {
				ASSETCATALOG_COMPILER_APPICON_NAME = AppIcon;
				CODE_SIGN_STYLE = Automatic;
				DEVELOPMENT_ASSET_PATHS = "\"Creating and Combining Views/Preview Content\"";
				DEVELOPMENT_TEAM = DGQDJX86DJ;
				ENABLE_PREVIEWS = YES;
				INFOPLIST_FILE = "Creating and Combining Views/Info.plist";
				LD_RUNPATH_SEARCH_PATHS = (
					"$(inherited)",
					"@executable_path/Frameworks",
				);
				PRODUCT_BUNDLE_IDENTIFIER = "com.andreiblaj.Creating-and-Combining-Views";
				PRODUCT_NAME = "$(TARGET_NAME)";
				SWIFT_VERSION = 5.0;
				TARGETED_DEVICE_FAMILY = "1,2";
			};
			name = Release;
		};
/* End XCBuildConfiguration section */

/* Begin XCConfigurationList section */
		E423E07B24EB33B700729D39 /* Build configuration list for PBXProject "Creating and Combining Views" */ = {
			isa = XCConfigurationList;
			buildConfigurations = (
				E423E09224EB33B900729D39 /* Debug */,
				E423E09324EB33B900729D39 /* Release */,
			);
			defaultConfigurationIsVisible = 0;
			defaultConfigurationName = Release;
		};
		E423E09424EB33B900729D39 /* Build configuration list for PBXNativeTarget "Creating and Combining Views" */ = {
			isa = XCConfigurationList;
			buildConfigurations = (
				E423E09524EB33B900729D39 /* Debug */,
				E423E09624EB33B900729D39 /* Release */,
			);
			defaultConfigurationIsVisible = 0;
			defaultConfigurationName = Release;
		};
/* End XCConfigurationList section */
	};
	rootObject = E423E07824EB33B700729D39 /* Project object */;
}
